
Microsoft Visual Studio Solution File, Format Version 12.00
# Visual Studio 15
Project("{FAE04EC0-301F-11D3-BF4B-00C04F79EFBC}") = "Assembly-CSharp", "Assembly-CSharp.csproj", "{F7E5238C-20A2-C29E-1F4A-1C9AFA652C74}"
EndProject
Project("{FAE04EC0-301F-11D3-BF4B-00C04F79EFBC}") = "IngameDebugConsole.Runtime", "IngameDebugConsole.Runtime.csproj", "{2BE68DFE-C52A-82DA-3C6E-C2EA3E2C815A}"
EndProject
Project("{FAE04EC0-301F-11D3-BF4B-00C04F79EFBC}") = "IngameDebugConsole.Editor", "IngameDebugConsole.Editor.csproj", "{4F7664D7-88E3-04E2-72C9-2E3812EA79D7}"
EndProject
Project("{FAE04EC0-301F-11D3-BF4B-00C04F79EFBC}") = "Assembly-CSharp-Editor", "Assembly-CSharp-Editor.csproj", "{4550A1F7-9CA3-86D2-458B-2B3D16960A6E}"
EndProject
Global
	GlobalSection(SolutionConfigurationPlatforms) = preSolution
		Debug|Any CPU = Debug|Any CPU
		Release|Any CPU = Release|Any CPU
	EndGlobalSection
	GlobalSection(ProjectConfigurationPlatforms) = postSolution
		{F7E5238C-20A2-C29E-1F4A-1C9AFA652C74}.Debug|Any CPU.ActiveCfg = Debug|Any CPU
		{F7E5238C-20A2-C29E-1F4A-1C9AFA652C74}.Debug|Any CPU.Build.0 = Debug|Any CPU
		{F7E5238C-20A2-C29E-1F4A-1C9AFA652C74}.Release|Any CPU.ActiveCfg = Release|Any CPU
		{F7E5238C-20A2-C29E-1F4A-1C9AFA652C74}.Release|Any CPU.Build.0 = Release|Any CPU
		{2BE68DFE-C52A-82DA-3C6E-C2EA3E2C815A}.Debug|Any CPU.ActiveCfg = Debug|Any CPU
		{2BE68DFE-C52A-82DA-3C6E-C2EA3E2C815A}.Debug|Any CPU.Build.0 = Debug|Any CPU
		{2BE68DFE-C52A-82DA-3C6E-C2EA3E2C815A}.Release|Any CPU.ActiveCfg = Release|Any CPU
		{2BE68DFE-C52A-82DA-3C6E-C2EA3E2C815A}.Release|Any CPU.Build.0 = Release|Any CPU
		{4F7664D7-88E3-04E2-72C9-2E3812EA79D7}.Debug|Any CPU.ActiveCfg = Debug|Any CPU
		{4F7664D7-88E3-04E2-72C9-2E3812EA79D7}.Debug|Any CPU.Build.0 = Debug|Any CPU
		{4F7664D7-88E3-04E2-72C9-2E3812EA79D7}.Release|Any CPU.ActiveCfg = Release|Any CPU
		{4F7664D7-88E3-04E2-72C9-2E3812EA79D7}.Release|Any CPU.Build.0 = Release|Any CPU
		{4550A1F7-9CA3-86D2-458B-2B3D16960A6E}.Debug|Any CPU.ActiveCfg = Debug|Any CPU
		{4550A1F7-9CA3-86D2-458B-2B3D16960A6E}.Debug|Any CPU.Build.0 = Debug|Any CPU
		{4550A1F7-9CA3-86D2-458B-2B3D16960A6E}.Release|Any CPU.ActiveCfg = Release|Any CPU
		{4550A1F7-9CA3-86D2-458B-2B3D16960A6E}.Release|Any CPU.Build.0 = Release|Any CPU
	EndGlobalSection
	GlobalSection(SolutionProperties) = preSolution
		HideSolutionNode = FALSE
	EndGlobalSection
EndGlobal
